// !$*UTF8*$!
{
	archiveVersion = 1;
	classes = {
	};
	objectVersion = 56;
	objects = {

/* Begin PBXBuildFile section */
		CD2FC595298A431A00CC0131 /* iphone-14.jpeg in Resources */ = {isa = PBXBuildFile; fileRef = CD2FC594298A431A00CC0131 /* iphone-14.jpeg */; };
		CD357A47298B83BD00933A2E /*  ProtectInformationDetail.swift in Sources */ = {isa = PBXBuildFile; fileRef = CD357A46298B83BD00933A2E /*  ProtectInformationDetail.swift */; };
		CD357A49298BA58F00933A2E /* addFaceIDwithAMaskIcon.jpg in Resources */ = {isa = PBXBuildFile; fileRef = CD357A48298BA58F00933A2E /* addFaceIDwithAMaskIcon.jpg */; };
		CDE19D81298A2CD0004F340C /* LEVEL2_TipAppApp.swift in Sources */ = {isa = PBXBuildFile; fileRef = CDE19D80298A2CD0004F340C /* LEVEL2_TipAppApp.swift */; };
		CDE19D83298A2CD0004F340C /* ContentView.swift in Sources */ = {isa = PBXBuildFile; fileRef = CDE19D82298A2CD0004F340C /* ContentView.swift */; };
		CDE19D85298A2CD1004F340C /* Assets.xcassets in Resources */ = {isa = PBXBuildFile; fileRef = CDE19D84298A2CD1004F340C /* Assets.xcassets */; };
		CDE19D88298A2CD1004F340C /* Preview Assets.xcassets in Resources */ = {isa = PBXBuildFile; fileRef = CDE19D87298A2CD1004F340C /* Preview Assets.xcassets */; };
		CDE19D92298A2CD1004F340C /* LEVEL2_TipAppTests.swift in Sources */ = {isa = PBXBuildFile; fileRef = CDE19D91298A2CD1004F340C /* LEVEL2_TipAppTests.swift */; };
		CDE19D9C298A2CD1004F340C /* LEVEL2_TipAppUITests.swift in Sources */ = {isa = PBXBuildFile; fileRef = CDE19D9B298A2CD1004F340C /* LEVEL2_TipAppUITests.swift */; };
		CDE19D9E298A2CD1004F340C /* LEVEL2_TipAppUITestsLaunchTests.swift in Sources */ = {isa = PBXBuildFile; fileRef = CDE19D9D298A2CD1004F340C /* LEVEL2_TipAppUITestsLaunchTests.swift */; };
/* End PBXBuildFile section */

/* Begin PBXContainerItemProxy section */
		CDE19D8E298A2CD1004F340C /* PBXContainerItemProxy */ = {
			isa = PBXContainerItemProxy;
			containerPortal = CDE19D75298A2CD0004F340C /* Project object */;
			proxyType = 1;
			remoteGlobalIDString = CDE19D7C298A2CD0004F340C;
			remoteInfo = "LEVEL2-TipApp";
		};
		CDE19D98298A2CD1004F340C /* PBXContainerItemProxy */ = {
			isa = PBXContainerItemProxy;
			containerPortal = CDE19D75298A2CD0004F340C /* Project object */;
			proxyType = 1;
			remoteGlobalIDString = CDE19D7C298A2CD0004F340C;
			remoteInfo = "LEVEL2-TipApp";
		};
/* End PBXContainerItemProxy section */

/* Begin PBXFileReference section */
		CD2FC594298A431A00CC0131 /* iphone-14.jpeg */ = {isa = PBXFileReference; lastKnownFileType = image.jpeg; name = "iphone-14.jpeg"; path = "../../../../../Desktop/iphone-14.jpeg"; sourceTree = "<group>"; };
		CD357A46298B83BD00933A2E /*  ProtectInformationDetail.swift */ = {isa = PBXFileReference; lastKnownFileType = sourcecode.swift; path = " ProtectInformationDetail.swift"; sourceTree = "<group>"; };
		CD357A48298BA58F00933A2E /* addFaceIDwithAMaskIcon.jpg */ = {isa = PBXFileReference; lastKnownFileType = image.jpeg; name = addFaceIDwithAMaskIcon.jpg; path = ../../../../../Desktop/addFaceIDwithAMaskIcon.jpg; sourceTree = "<group>"; };
		CDE19D7D298A2CD0004F340C /* LEVEL2-TipApp.app */ = {isa = PBXFileReference; explicitFileType = wrapper.application; includeInIndex = 0; path = "LEVEL2-TipApp.app"; sourceTree = BUILT_PRODUCTS_DIR; };
		CDE19D80298A2CD0004F340C /* LEVEL2_TipAppApp.swift */ = {isa = PBXFileReference; lastKnownFileType = sourcecode.swift; path = LEVEL2_TipAppApp.swift; sourceTree = "<group>"; };
		CDE19D82298A2CD0004F340C /* ContentView.swift */ = {isa = PBXFileReference; lastKnownFileType = sourcecode.swift; path = ContentView.swift; sourceTree = "<group>"; };
		CDE19D84298A2CD1004F340C /* Assets.xcassets */ = {isa = PBXFileReference; lastKnownFileType = folder.assetcatalog; path = Assets.xcassets; sourceTree = "<group>"; };
		CDE19D87298A2CD1004F340C /* Preview Assets.xcassets */ = {isa = PBXFileReference; lastKnownFileType = folder.assetcatalog; path = "Preview Assets.xcassets"; sourceTree = "<group>"; };
		CDE19D8D298A2CD1004F340C /* LEVEL2-TipAppTests.xctest */ = {isa = PBXFileReference; explicitFileType = wrapper.cfbundle; includeInIndex = 0; path = "LEVEL2-TipAppTests.xctest"; sourceTree = BUILT_PRODUCTS_DIR; };
		CDE19D91298A2CD1004F340C /* LEVEL2_TipAppTests.swift */ = {isa = PBXFileReference; lastKnownFileType = sourcecode.swift; path = LEVEL2_TipAppTests.swift; sourceTree = "<group>"; };
		CDE19D97298A2CD1004F340C /* LEVEL2-TipAppUITests.xctest */ = {isa = PBXFileReference; explicitFileType = wrapper.cfbundle; includeInIndex = 0; path = "LEVEL2-TipAppUITests.xctest"; sourceTree = BUILT_PRODUCTS_DIR; };
		CDE19D9B298A2CD1004F340C /* LEVEL2_TipAppUITests.swift */ = {isa = PBXFileReference; lastKnownFileType = sourcecode.swift; path = LEVEL2_TipAppUITests.swift; sourceTree = "<group>"; };
		CDE19D9D298A2CD1004F340C /* LEVEL2_TipAppUITestsLaunchTests.swift */ = {isa = PBXFileReference; lastKnownFileType = sourcecode.swift; path = LEVEL2_TipAppUITestsLaunchTests.swift; sourceTree = "<group>"; };
/* End PBXFileReference section */

/* Begin PBXFrameworksBuildPhase section */
		CDE19D7A298A2CD0004F340C /* Frameworks */ = {
			isa = PBXFrameworksBuildPhase;
			buildActionMask = 2147483647;
			files = (
			);
			runOnlyForDeploymentPostprocessing = 0;
		};
		CDE19D8A298A2CD1004F340C /* Frameworks */ = {
			isa = PBXFrameworksBuildPhase;
			buildActionMask = 2147483647;
			files = (
			);
			runOnlyForDeploymentPostprocessing = 0;
		};
		CDE19D94298A2CD1004F340C /* Frameworks */ = {
			isa = PBXFrameworksBuildPhase;
			buildActionMask = 2147483647;
			files = (
			);
			runOnlyForDeploymentPostprocessing = 0;
		};
/* End PBXFrameworksBuildPhase section */

/* Begin PBXGroup section */
		CDE19D74298A2CD0004F340C = {
			isa = PBXGroup;
			children = (
				CDE19D7F298A2CD0004F340C /* LEVEL2-TipApp */,
				CDE19D90298A2CD1004F340C /* LEVEL2-TipAppTests */,
				CDE19D9A298A2CD1004F340C /* LEVEL2-TipAppUITests */,
				CDE19D7E298A2CD0004F340C /* Products */,
			);
			sourceTree = "<group>";
		};
		CDE19D7E298A2CD0004F340C /* Products */ = {
			isa = PBXGroup;
			children = (
				CDE19D7D298A2CD0004F340C /* LEVEL2-TipApp.app */,
				CDE19D8D298A2CD1004F340C /* LEVEL2-TipAppTests.xctest */,
				CDE19D97298A2CD1004F340C /* LEVEL2-TipAppUITests.xctest */,
			);
			name = Products;
			sourceTree = "<group>";
		};
		CDE19D7F298A2CD0004F340C /* LEVEL2-TipApp */ = {
			isa = PBXGroup;
			children = (
				CDE19D80298A2CD0004F340C /* LEVEL2_TipAppApp.swift */,
				CDE19D82298A2CD0004F340C /* ContentView.swift */,
				CD357A46298B83BD00933A2E /*  ProtectInformationDetail.swift */,
				CDE19D84298A2CD1004F340C /* Assets.xcassets */,
				CD2FC594298A431A00CC0131 /* iphone-14.jpeg */,
				CD357A48298BA58F00933A2E /* addFaceIDwithAMaskIcon.jpg */,
				CDE19D86298A2CD1004F340C /* Preview Content */,
			);
			path = "LEVEL2-TipApp";
			sourceTree = "<group>";
		};
		CDE19D86298A2CD1004F340C /* Preview Content */ = {
			isa = PBXGroup;
			children = (
				CDE19D87298A2CD1004F340C /* Preview Assets.xcassets */,
			);
			path = "Preview Content";
			sourceTree = "<group>";
		};
		CDE19D90298A2CD1004F340C /* LEVEL2-TipAppTests */ = {
			isa = PBXGroup;
			children = (
				CDE19D91298A2CD1004F340C /* LEVEL2_TipAppTests.swift */,
			);
			path = "LEVEL2-TipAppTests";
			sourceTree = "<group>";
		};
		CDE19D9A298A2CD1004F340C /* LEVEL2-TipAppUITests */ = {
			isa = PBXGroup;
			children = (
				CDE19D9B298A2CD1004F340C /* LEVEL2_TipAppUITests.swift */,
				CDE19D9D298A2CD1004F340C /* LEVEL2_TipAppUITestsLaunchTests.swift */,
			);
			path = "LEVEL2-TipAppUITests";
			sourceTree = "<group>";
		};
/* End PBXGroup section */

/* Begin PBXNativeTarget section */
		CDE19D7C298A2CD0004F340C /* LEVEL2-TipApp */ = {
			isa = PBXNativeTarget;
			buildConfigurationList = CDE19DA1298A2CD1004F340C /* Build configuration list for PBXNativeTarget "LEVEL2-TipApp" */;
			buildPhases = (
				CDE19D79298A2CD0004F340C /* Sources */,
				CDE19D7A298A2CD0004F340C /* Frameworks */,
				CDE19D7B298A2CD0004F340C /* Resources */,
			);
			buildRules = (
			);
			dependencies = (
			);
			name = "LEVEL2-TipApp";
			productName = "LEVEL2-TipApp";
			productReference = CDE19D7D298A2CD0004F340C /* LEVEL2-TipApp.app */;
			productType = "com.apple.product-type.application";
		};
		CDE19D8C298A2CD1004F340C /* LEVEL2-TipAppTests */ = {
			isa = PBXNativeTarget;
			buildConfigurationList = CDE19DA4298A2CD1004F340C /* Build configuration list for PBXNativeTarget "LEVEL2-TipAppTests" */;
			buildPhases = (
				CDE19D89298A2CD1004F340C /* Sources */,
				CDE19D8A298A2CD1004F340C /* Frameworks */,
				CDE19D8B298A2CD1004F340C /* Resources */,
			);
			buildRules = (
			);
			dependencies = (
				CDE19D8F298A2CD1004F340C /* PBXTargetDependency */,
			);
			name = "LEVEL2-TipAppTests";
			productName = "LEVEL2-TipAppTests";
			productReference = CDE19D8D298A2CD1004F340C /* LEVEL2-TipAppTests.xctest */;
			productType = "com.apple.product-type.bundle.unit-test";
		};
		CDE19D96298A2CD1004F340C /* LEVEL2-TipAppUITests */ = {
			isa = PBXNativeTarget;
			buildConfigurationList = CDE19DA7298A2CD1004F340C /* Build configuration list for PBXNativeTarget "LEVEL2-TipAppUITests" */;
			buildPhases = (
				CDE19D93298A2CD1004F340C /* Sources */,
				CDE19D94298A2CD1004F340C /* Frameworks */,
				CDE19D95298A2CD1004F340C /* Resources */,
			);
			buildRules = (
			);
			dependencies = (
				CDE19D99298A2CD1004F340C /* PBXTargetDependency */,
			);
			name = "LEVEL2-TipAppUITests";
			productName = "LEVEL2-TipAppUITests";
			productReference = CDE19D97298A2CD1004F340C /* LEVEL2-TipAppUITests.xctest */;
			productType = "com.apple.product-type.bundle.ui-testing";
		};
/* End PBXNativeTarget section */

/* Begin PBXProject section */
		CDE19D75298A2CD0004F340C /* Project object */ = {
			isa = PBXProject;
			attributes = {
				BuildIndependentTargetsInParallel = 1;
				LastSwiftUpdateCheck = 1420;
				LastUpgradeCheck = 1420;
				TargetAttributes = {
					CDE19D7C298A2CD0004F340C = {
						CreatedOnToolsVersion = 14.2;
					};
					CDE19D8C298A2CD1004F340C = {
						CreatedOnToolsVersion = 14.2;
						TestTargetID = CDE19D7C298A2CD0004F340C;
					};
					CDE19D96298A2CD1004F340C = {
						CreatedOnToolsVersion = 14.2;
						TestTargetID = CDE19D7C298A2CD0004F340C;
					};
				};
			};
			buildConfigurationList = CDE19D78298A2CD0004F340C /* Build configuration list for PBXProject "LEVEL2-TipApp" */;
			compatibilityVersion = "Xcode 14.0";
			developmentRegion = en;
			hasScannedForEncodings = 0;
			knownRegions = (
				en,
				Base,
			);
			mainGroup = CDE19D74298A2CD0004F340C;
			productRefGroup = CDE19D7E298A2CD0004F340C /* Products */;
			projectDirPath = "";
			projectRoot = "";
			targets = (
				CDE19D7C298A2CD0004F340C /* LEVEL2-TipApp */,
				CDE19D8C298A2CD1004F340C /* LEVEL2-TipAppTests */,
				CDE19D96298A2CD1004F340C /* LEVEL2-TipAppUITests */,
			);
		};
/* End PBXProject section */

/* Begin PBXResourcesBuildPhase section */
		CDE19D7B298A2CD0004F340C /* Resources */ = {
			isa = PBXResourcesBuildPhase;
			buildActionMask = 2147483647;
			files = (
				CD357A49298BA58F00933A2E /* addFaceIDwithAMaskIcon.jpg in Resources */,
				CD2FC595298A431A00CC0131 /* iphone-14.jpeg in Resources */,
				CDE19D88298A2CD1004F340C /* Preview Assets.xcassets in Resources */,
				CDE19D85298A2CD1004F340C /* Assets.xcassets in Resources */,
			);
			runOnlyForDeploymentPostprocessing = 0;
		};
		CDE19D8B298A2CD1004F340C /* Resources */ = {
			isa = PBXResourcesBuildPhase;
			buildActionMask = 2147483647;
			files = (
			);
			runOnlyForDeploymentPostprocessing = 0;
		};
		CDE19D95298A2CD1004F340C /* Resources */ = {
			isa = PBXResourcesBuildPhase;
			buildActionMask = 2147483647;
			files = (
			);
			runOnlyForDeploymentPostprocessing = 0;
		};
/* End PBXResourcesBuildPhase section */

/* Begin PBXSourcesBuildPhase section */
		CDE19D79298A2CD0004F340C /* Sources */ = {
			isa = PBXSourcesBuildPhase;
			buildActionMask = 2147483647;
			files = (
				CDE19D83298A2CD0004F340C /* ContentView.swift in Sources */,
				CD357A47298B83BD00933A2E /*  ProtectInformationDetail.swift in Sources */,
				CDE19D81298A2CD0004F340C /* LEVEL2_TipAppApp.swift in Sources */,
			);
			runOnlyForDeploymentPostprocessing = 0;
		};
		CDE19D89298A2CD1004F340C /* Sources */ = {
			isa = PBXSourcesBuildPhase;
			buildActionMask = 2147483647;
			files = (
				CDE19D92298A2CD1004F340C /* LEVEL2_TipAppTests.swift in Sources */,
			);
			runOnlyForDeploymentPostprocessing = 0;
		};
		CDE19D93298A2CD1004F340C /* Sources */ = {
			isa = PBXSourcesBuildPhase;
			buildActionMask = 2147483647;
			files = (
				CDE19D9E298A2CD1004F340C /* LEVEL2_TipAppUITestsLaunchTests.swift in Sources */,
				CDE19D9C298A2CD1004F340C /* LEVEL2_TipAppUITests.swift in Sources */,
			);
			runOnlyForDeploymentPostprocessing = 0;
		};
/* End PBXSourcesBuildPhase section */

/* Begin PBXTargetDependency section */
		CDE19D8F298A2CD1004F340C /* PBXTargetDependency */ = {
			isa = PBXTargetDependency;
			target = CDE19D7C298A2CD0004F340C /* LEVEL2-TipApp */;
			targetProxy = CDE19D8E298A2CD1004F340C /* PBXContainerItemProxy */;
		};
		CDE19D99298A2CD1004F340C /* PBXTargetDependency */ = {
			isa = PBXTargetDependency;
			target = CDE19D7C298A2CD0004F340C /* LEVEL2-TipApp */;
			targetProxy = CDE19D98298A2CD1004F340C /* PBXContainerItemProxy */;
		};
/* End PBXTargetDependency section */

/* Begin XCBuildConfiguration section */
		CDE19D9F298A2CD1004F340C /* Debug */ = {
			isa = XCBuildConfiguration;
			buildSettings = {
				ALWAYS_SEARCH_USER_PATHS = NO;
				CLANG_ANALYZER_NONNULL = YES;
				CLANG_ANALYZER_NUMBER_OBJECT_CONVERSION = YES_AGGRESSIVE;
				CLANG_CXX_LANGUAGE_STANDARD = "gnu++20";
				CLANG_ENABLE_MODULES = YES;
				CLANG_ENABLE_OBJC_ARC = YES;
				CLANG_ENABLE_OBJC_WEAK = YES;
				CLANG_WARN_BLOCK_CAPTURE_AUTORELEASING = YES;
				CLANG_WARN_BOOL_CONVERSION = YES;
				CLANG_WARN_COMMA = YES;
				CLANG_WARN_CONSTANT_CONVERSION = YES;
				CLANG_WARN_DEPRECATED_OBJC_IMPLEMENTATIONS = YES;
				CLANG_WARN_DIRECT_OBJC_ISA_USAGE = YES_ERROR;
				CLANG_WARN_DOCUMENTATION_COMMENTS = YES;
				CLANG_WARN_EMPTY_BODY = YES;
				CLANG_WARN_ENUM_CONVERSION = YES;
				CLANG_WARN_INFINITE_RECURSION = YES;
				CLANG_WARN_INT_CONVERSION = YES;
				CLANG_WARN_NON_LITERAL_NULL_CONVERSION = YES;
				CLANG_WARN_OBJC_IMPLICIT_RETAIN_SELF = YES;
				CLANG_WARN_OBJC_LITERAL_CONVERSION = YES;
				CLANG_WARN_OBJC_ROOT_CLASS = YES_ERROR;
				CLANG_WARN_QUOTED_INCLUDE_IN_FRAMEWORK_HEADER = YES;
				CLANG_WARN_RANGE_LOOP_ANALYSIS = YES;
				CLANG_WARN_STRICT_PROTOTYPES = YES;
				CLANG_WARN_SUSPICIOUS_MOVE = YES;
				CLANG_WARN_UNGUARDED_AVAILABILITY = YES_AGGRESSIVE;
				CLANG_WARN_UNREACHABLE_CODE = YES;
				CLANG_WARN__DUPLICATE_METHOD_MATCH = YES;
				COPY_PHASE_STRIP = NO;
				DEBUG_INFORMATION_FORMAT = dwarf;
				ENABLE_STRICT_OBJC_MSGSEND = YES;
				ENABLE_TESTABILITY = YES;
				GCC_C_LANGUAGE_STANDARD = gnu11;
				GCC_DYNAMIC_NO_PIC = NO;
				GCC_NO_COMMON_BLOCKS = YES;
				GCC_OPTIMIZATION_LEVEL = 0;
				GCC_PREPROCESSOR_DEFINITIONS = (
					"DEBUG=1",
					"$(inherited)",
				);
				GCC_WARN_64_TO_32_BIT_CONVERSION = YES;
				GCC_WARN_ABOUT_RETURN_TYPE = YES_ERROR;
				GCC_WARN_UNDECLARED_SELECTOR = YES;
				GCC_WARN_UNINITIALIZED_AUTOS = YES_AGGRESSIVE;
				GCC_WARN_UNUSED_FUNCTION = YES;
				GCC_WARN_UNUSED_VARIABLE = YES;
				IPHONEOS_DEPLOYMENT_TARGET = 16.2;
				MTL_ENABLE_DEBUG_INFO = INCLUDE_SOURCE;
				MTL_FAST_MATH = YES;
				ONLY_ACTIVE_ARCH = YES;
				SDKROOT = iphoneos;
				SWIFT_ACTIVE_COMPILATION_CONDITIONS = DEBUG;
				SWIFT_OPTIMIZATION_LEVEL = "-Onone";
			};
			name = Debug;
		};
		CDE19DA0298A2CD1004F340C /* Release */ = {
			isa = XCBuildConfiguration;
			buildSettings = {
				ALWAYS_SEARCH_USER_PATHS = NO;
				CLANG_ANALYZER_NONNULL = YES;
				CLANG_ANALYZER_NUMBER_OBJECT_CONVERSION = YES_AGGRESSIVE;
				CLANG_CXX_LANGUAGE_STANDARD = "gnu++20";
				CLANG_ENABLE_MODULES = YES;
				CLANG_ENABLE_OBJC_ARC = YES;
				CLANG_ENABLE_OBJC_WEAK = YES;
				CLANG_WARN_BLOCK_CAPTURE_AUTORELEASING = YES;
				CLANG_WARN_BOOL_CONVERSION = YES;
				CLANG_WARN_COMMA = YES;
				CLANG_WARN_CONSTANT_CONVERSION = YES;
				CLANG_WARN_DEPRECATED_OBJC_IMPLEMENTATIONS = YES;
				CLANG_WARN_DIRECT_OBJC_ISA_USAGE = YES_ERROR;
				CLANG_WARN_DOCUMENTATION_COMMENTS = YES;
				CLANG_WARN_EMPTY_BODY = YES;
				CLANG_WARN_ENUM_CONVERSION = YES;
				CLANG_WARN_INFINITE_RECURSION = YES;
				CLANG_WARN_INT_CONVERSION = YES;
				CLANG_WARN_NON_LITERAL_NULL_CONVERSION = YES;
				CLANG_WARN_OBJC_IMPLICIT_RETAIN_SELF = YES;
				CLANG_WARN_OBJC_LITERAL_CONVERSION = YES;
				CLANG_WARN_OBJC_ROOT_CLASS = YES_ERROR;
				CLANG_WARN_QUOTED_INCLUDE_IN_FRAMEWORK_HEADER = YES;
				CLANG_WARN_RANGE_LOOP_ANALYSIS = YES;
				CLANG_WARN_STRICT_PROTOTYPES = YES;
				CLANG_WARN_SUSPICIOUS_MOVE = YES;
				CLANG_WARN_UNGUARDED_AVAILABILITY = YES_AGGRESSIVE;
				CLANG_WARN_UNREACHABLE_CODE = YES;
				CLANG_WARN__DUPLICATE_METHOD_MATCH = YES;
				COPY_PHASE_STRIP = NO;
				DEBUG_INFORMATION_FORMAT = "dwarf-with-dsym";
				ENABLE_NS_ASSERTIONS = NO;
				ENABLE_STRICT_OBJC_MSGSEND = YES;
				GCC_C_LANGUAGE_STANDARD = gnu11;
				GCC_NO_COMMON_BLOCKS = YES;
				GCC_WARN_64_TO_32_BIT_CONVERSION = YES;
				GCC_WARN_ABOUT_RETURN_TYPE = YES_ERROR;
				GCC_WARN_UNDECLARED_SELECTOR = YES;
				GCC_WARN_UNINITIALIZED_AUTOS = YES_AGGRESSIVE;
				GCC_WARN_UNUSED_FUNCTION = YES;
				GCC_WARN_UNUSED_VARIABLE = YES;
				IPHONEOS_DEPLOYMENT_TARGET = 16.2;
				MTL_ENABLE_DEBUG_INFO = NO;
				MTL_FAST_MATH = YES;
				SDKROOT = iphoneos;
				SWIFT_COMPILATION_MODE = wholemodule;
				SWIFT_OPTIMIZATION_LEVEL = "-O";
				VALIDATE_PRODUCT = YES;
			};
			name = Release;
		};
		CDE19DA2298A2CD1004F340C /* Debug */ = {
			isa = XCBuildConfiguration;
			buildSettings = {
				ASSETCATALOG_COMPILER_APPICON_NAME = AppIcon;
				ASSETCATALOG_COMPILER_GLOBAL_ACCENT_COLOR_NAME = AccentColor;
				CODE_SIGN_STYLE = Automatic;
				CURRENT_PROJECT_VERSION = 1;
				DEVELOPMENT_ASSET_PATHS = "\"LEVEL2-TipApp/Preview Content\"";
				ENABLE_PREVIEWS = YES;
				GENERATE_INFOPLIST_FILE = YES;
				INFOPLIST_KEY_UIApplicationSceneManifest_Generation = YES;
				INFOPLIST_KEY_UIApplicationSupportsIndirectInputEvents = YES;
				INFOPLIST_KEY_UILaunchScreen_Generation = YES;
				INFOPLIST_KEY_UISupportedInterfaceOrientations_iPad = "UIInterfaceOrientationPortrait UIInterfaceOrientationPortraitUpsideDown UIInterfaceOrientationLandscapeLeft UIInterfaceOrientationLandscapeRight";
				INFOPLIST_KEY_UISupportedInterfaceOrientations_iPhone = "UIInterfaceOrientationPortrait UIInterfaceOrientationLandscapeLeft UIInterfaceOrientationLandscapeRight";
				LD_RUNPATH_SEARCH_PATHS = (
					"$(inherited)",
					"@executable_path/Frameworks",
				);
				MARKETING_VERSION = 1.0;
				PRODUCT_BUNDLE_IDENTIFIER = "woowon-level2.LEVEL2-TipApp";
				PRODUCT_NAME = "$(TARGET_NAME)";
				SWIFT_EMIT_LOC_STRINGS = YES;
				SWIFT_VERSION = 5.0;
				TARGETED_DEVICE_FAMILY = "1,2";
			};
			name = Debug;
		};
		CDE19DA3298A2CD1004F340C /* Release */ = {
			isa = XCBuildConfiguration;
			buildSettings = {
				ASSETCATALOG_COMPILER_APPICON_NAME = AppIcon;
				ASSETCATALOG_COMPILER_GLOBAL_ACCENT_COLOR_NAME = AccentColor;
				CODE_SIGN_STYLE = Automatic;
				CURRENT_PROJECT_VERSION = 1;
				DEVELOPMENT_ASSET_PATHS = "\"LEVEL2-TipApp/Preview Content\"";
				ENABLE_PREVIEWS = YES;
				GENERATE_INFOPLIST_FILE = YES;
				INFOPLIST_KEY_UIApplicationSceneManifest_Generation = YES;
				INFOPLIST_KEY_UIApplicationSupportsIndirectInputEvents = YES;
				INFOPLIST_KEY_UILaunchScreen_Generation = YES;
				INFOPLIST_KEY_UISupportedInterfaceOrientations_iPad = "UIInterfaceOrientationPortrait UIInterfaceOrientationPortraitUpsideDown UIInterfaceOrientationLandscapeLeft UIInterfaceOrientationLandscapeRight";
				INFOPLIST_KEY_UISupportedInterfaceOrientations_iPhone = "UIInterfaceOrientationPortrait UIInterfaceOrientationLandscapeLeft UIInterfaceOrientationLandscapeRight";
				LD_RUNPATH_SEARCH_PATHS = (
					"$(inherited)",
					"@executable_path/Frameworks",
				);
				MARKETING_VERSION = 1.0;
				PRODUCT_BUNDLE_IDENTIFIER = "woowon-level2.LEVEL2-TipApp";
				PRODUCT_NAME = "$(TARGET_NAME)";
				SWIFT_EMIT_LOC_STRINGS = YES;
				SWIFT_VERSION = 5.0;
				TARGETED_DEVICE_FAMILY = "1,2";
			};
			name = Release;
		};
		CDE19DA5298A2CD1004F340C /* Debug */ = {
			isa = XCBuildConfiguration;
			buildSettings = {
				ALWAYS_EMBED_SWIFT_STANDARD_LIBRARIES = YES;
				BUNDLE_LOADER = "$(TEST_HOST)";
				CODE_SIGN_STYLE = Automatic;
				CURRENT_PROJECT_VERSION = 1;
				GENERATE_INFOPLIST_FILE = YES;
				IPHONEOS_DEPLOYMENT_TARGET = 16.2;
				MARKETING_VERSION = 1.0;
				PRODUCT_BUNDLE_IDENTIFIER = "woowon-level2.LEVEL2-TipAppTests";
				PRODUCT_NAME = "$(TARGET_NAME)";
				SWIFT_EMIT_LOC_STRINGS = NO;
				SWIFT_VERSION = 5.0;
				TARGETED_DEVICE_FAMILY = "1,2";
				TEST_HOST = "$(BUILT_PRODUCTS_DIR)/LEVEL2-TipApp.app/$(BUNDLE_EXECUTABLE_FOLDER_PATH)/LEVEL2-TipApp";
			};
			name = Debug;
		};
		CDE19DA6298A2CD1004F340C /* Release */ = {
			isa = XCBuildConfiguration;
			buildSettings = {
				ALWAYS_EMBED_SWIFT_STANDARD_LIBRARIES = YES;
				BUNDLE_LOADER = "$(TEST_HOST)";
				CODE_SIGN_STYLE = Automatic;
				CURRENT_PROJECT_VERSION = 1;
				GENERATE_INFOPLIST_FILE = YES;
				IPHONEOS_DEPLOYMENT_TARGET = 16.2;
				MARKETING_VERSION = 1.0;
				PRODUCT_BUNDLE_IDENTIFIER = "woowon-level2.LEVEL2-TipAppTests";
				PRODUCT_NAME = "$(TARGET_NAME)";
				SWIFT_EMIT_LOC_STRINGS = NO;
				SWIFT_VERSION = 5.0;
				TARGETED_DEVICE_FAMILY = "1,2";
				TEST_HOST = "$(BUILT_PRODUCTS_DIR)/LEVEL2-TipApp.app/$(BUNDLE_EXECUTABLE_FOLDER_PATH)/LEVEL2-TipApp";
			};
			name = Release;
		};
		CDE19DA8298A2CD1004F340C /* Debug */ = {
			isa = XCBuildConfiguration;
			buildSettings = {
				ALWAYS_EMBED_SWIFT_STANDARD_LIBRARIES = YES;
				CODE_SIGN_STYLE = Automatic;
				CURRENT_PROJECT_VERSION = 1;
				GENERATE_INFOPLIST_FILE = YES;
				MARKETING_VERSION = 1.0;
				PRODUCT_BUNDLE_IDENTIFIER = "woowon-level2.LEVEL2-TipAppUITests";
				PRODUCT_NAME = "$(TARGET_NAME)";
				SWIFT_EMIT_LOC_STRINGS = NO;
				SWIFT_VERSION = 5.0;
				TARGETED_DEVICE_FAMILY = "1,2";
				TEST_TARGET_NAME = "LEVEL2-TipApp";
			};
			name = Debug;
		};
		CDE19DA9298A2CD1004F340C /* Release */ = {
			isa = XCBuildConfiguration;
			buildSettings = {
				ALWAYS_EMBED_SWIFT_STANDARD_LIBRARIES = YES;
				CODE_SIGN_STYLE = Automatic;
				CURRENT_PROJECT_VERSION = 1;
				GENERATE_INFOPLIST_FILE = YES;
				MARKETING_VERSION = 1.0;
				PRODUCT_BUNDLE_IDENTIFIER = "woowon-level2.LEVEL2-TipAppUITests";
				PRODUCT_NAME = "$(TARGET_NAME)";
				SWIFT_EMIT_LOC_STRINGS = NO;
				SWIFT_VERSION = 5.0;
				TARGETED_DEVICE_FAMILY = "1,2";
				TEST_TARGET_NAME = "LEVEL2-TipApp";
			};
			name = Release;
		};
/* End XCBuildConfiguration section */

/* Begin XCConfigurationList section */
		CDE19D78298A2CD0004F340C /* Build configuration list for PBXProject "LEVEL2-TipApp" */ = {
			isa = XCConfigurationList;
			buildConfigurations = (
				CDE19D9F298A2CD1004F340C /* Debug */,
				CDE19DA0298A2CD1004F340C /* Release */,
			);
			defaultConfigurationIsVisible = 0;
			defaultConfigurationName = Release;
		};
		CDE19DA1298A2CD1004F340C /* Build configuration list for PBXNativeTarget "LEVEL2-TipApp" */ = {
			isa = XCConfigurationList;
			buildConfigurations = (
				CDE19DA2298A2CD1004F340C /* Debug */,
				CDE19DA3298A2CD1004F340C /* Release */,
			);
			defaultConfigurationIsVisible = 0;
			defaultConfigurationName = Release;
		};
		CDE19DA4298A2CD1004F340C /* Build configuration list for PBXNativeTarget "LEVEL2-TipAppTests" */ = {
			isa = XCConfigurationList;
			buildConfigurations = (
				CDE19DA5298A2CD1004F340C /* Debug */,
				CDE19DA6298A2CD1004F340C /* Release */,
			);
			defaultConfigurationIsVisible = 0;
			defaultConfigurationName = Release;
		};
		CDE19DA7298A2CD1004F340C /* Build configuration list for PBXNativeTarget "LEVEL2-TipAppUITests" */ = {
			isa = XCConfigurationList;
			buildConfigurations = (
				CDE19DA8298A2CD1004F340C /* Debug */,
				CDE19DA9298A2CD1004F340C /* Release */,
			);
			defaultConfigurationIsVisible = 0;
			defaultConfigurationName = Release;
		};
/* End XCConfigurationList section */
	};
	rootObject = CDE19D75298A2CD0004F340C /* Project object */;
}
