// !$*UTF8*$!
{
	archiveVersion = 1;
	classes = {
	};
	objectVersion = 56;
	objects = {

/* Begin PBXBuildFile section */
		CDD366712975095300694C65 /* LEVEL1_SwiftComponentsApp.swift in Sources */ = {isa = PBXBuildFile; fileRef = CDD366702975095300694C65 /* LEVEL1_SwiftComponentsApp.swift */; };
		CDD366732975095300694C65 /* ContentView.swift in Sources */ = {isa = PBXBuildFile; fileRef = CDD366722975095300694C65 /* ContentView.swift */; };
		CDD366752975095400694C65 /* Assets.xcassets in Resources */ = {isa = PBXBuildFile; fileRef = CDD366742975095400694C65 /* Assets.xcassets */; };
		CDD366782975095400694C65 /* Preview Assets.xcassets in Resources */ = {isa = PBXBuildFile; fileRef = CDD366772975095400694C65 /* Preview Assets.xcassets */; };
		CDD366822975095400694C65 /* LEVEL1_SwiftComponentsTests.swift in Sources */ = {isa = PBXBuildFile; fileRef = CDD366812975095400694C65 /* LEVEL1_SwiftComponentsTests.swift */; };
		CDD3668C2975095400694C65 /* LEVEL1_SwiftComponentsUITests.swift in Sources */ = {isa = PBXBuildFile; fileRef = CDD3668B2975095400694C65 /* LEVEL1_SwiftComponentsUITests.swift */; };
		CDD3668E2975095400694C65 /* LEVEL1_SwiftComponentsUITestsLaunchTests.swift in Sources */ = {isa = PBXBuildFile; fileRef = CDD3668D2975095400694C65 /* LEVEL1_SwiftComponentsUITestsLaunchTests.swift */; };
/* End PBXBuildFile section */

/* Begin PBXContainerItemProxy section */
		CDD3667E2975095400694C65 /* PBXContainerItemProxy */ = {
			isa = PBXContainerItemProxy;
			containerPortal = CDD366652975095300694C65 /* Project object */;
			proxyType = 1;
			remoteGlobalIDString = CDD3666C2975095300694C65;
			remoteInfo = "LEVEL1-SwiftComponents";
		};
		CDD366882975095400694C65 /* PBXContainerItemProxy */ = {
			isa = PBXContainerItemProxy;
			containerPortal = CDD366652975095300694C65 /* Project object */;
			proxyType = 1;
			remoteGlobalIDString = CDD3666C2975095300694C65;
			remoteInfo = "LEVEL1-SwiftComponents";
		};
/* End PBXContainerItemProxy section */

/* Begin PBXFileReference section */
		CDD3666D2975095300694C65 /* LEVEL1-SwiftComponents.app */ = {isa = PBXFileReference; explicitFileType = wrapper.application; includeInIndex = 0; path = "LEVEL1-SwiftComponents.app"; sourceTree = BUILT_PRODUCTS_DIR; };
		CDD366702975095300694C65 /* LEVEL1_SwiftComponentsApp.swift */ = {isa = PBXFileReference; lastKnownFileType = sourcecode.swift; path = LEVEL1_SwiftComponentsApp.swift; sourceTree = "<group>"; };
		CDD366722975095300694C65 /* ContentView.swift */ = {isa = PBXFileReference; lastKnownFileType = sourcecode.swift; path = ContentView.swift; sourceTree = "<group>"; };
		CDD366742975095400694C65 /* Assets.xcassets */ = {isa = PBXFileReference; lastKnownFileType = folder.assetcatalog; path = Assets.xcassets; sourceTree = "<group>"; };
		CDD366772975095400694C65 /* Preview Assets.xcassets */ = {isa = PBXFileReference; lastKnownFileType = folder.assetcatalog; path = "Preview Assets.xcassets"; sourceTree = "<group>"; };
		CDD3667D2975095400694C65 /* LEVEL1-SwiftComponentsTests.xctest */ = {isa = PBXFileReference; explicitFileType = wrapper.cfbundle; includeInIndex = 0; path = "LEVEL1-SwiftComponentsTests.xctest"; sourceTree = BUILT_PRODUCTS_DIR; };
		CDD366812975095400694C65 /* LEVEL1_SwiftComponentsTests.swift */ = {isa = PBXFileReference; lastKnownFileType = sourcecode.swift; path = LEVEL1_SwiftComponentsTests.swift; sourceTree = "<group>"; };
		CDD366872975095400694C65 /* LEVEL1-SwiftComponentsUITests.xctest */ = {isa = PBXFileReference; explicitFileType = wrapper.cfbundle; includeInIndex = 0; path = "LEVEL1-SwiftComponentsUITests.xctest"; sourceTree = BUILT_PRODUCTS_DIR; };
		CDD3668B2975095400694C65 /* LEVEL1_SwiftComponentsUITests.swift */ = {isa = PBXFileReference; lastKnownFileType = sourcecode.swift; path = LEVEL1_SwiftComponentsUITests.swift; sourceTree = "<group>"; };
		CDD3668D2975095400694C65 /* LEVEL1_SwiftComponentsUITestsLaunchTests.swift */ = {isa = PBXFileReference; lastKnownFileType = sourcecode.swift; path = LEVEL1_SwiftComponentsUITestsLaunchTests.swift; sourceTree = "<group>"; };
/* End PBXFileReference section */

/* Begin PBXFrameworksBuildPhase section */
		CDD3666A2975095300694C65 /* Frameworks */ = {
			isa = PBXFrameworksBuildPhase;
			buildActionMask = 2147483647;
			files = (
			);
			runOnlyForDeploymentPostprocessing = 0;
		};
		CDD3667A2975095400694C65 /* Frameworks */ = {
			isa = PBXFrameworksBuildPhase;
			buildActionMask = 2147483647;
			files = (
			);
			runOnlyForDeploymentPostprocessing = 0;
		};
		CDD366842975095400694C65 /* Frameworks */ = {
			isa = PBXFrameworksBuildPhase;
			buildActionMask = 2147483647;
			files = (
			);
			runOnlyForDeploymentPostprocessing = 0;
		};
/* End PBXFrameworksBuildPhase section */

/* Begin PBXGroup section */
		CDD366642975095300694C65 = {
			isa = PBXGroup;
			children = (
				CDD3666F2975095300694C65 /* LEVEL1-SwiftComponents */,
				CDD366802975095400694C65 /* LEVEL1-SwiftComponentsTests */,
				CDD3668A2975095400694C65 /* LEVEL1-SwiftComponentsUITests */,
				CDD3666E2975095300694C65 /* Products */,
			);
			sourceTree = "<group>";
		};
		CDD3666E2975095300694C65 /* Products */ = {
			isa = PBXGroup;
			children = (
				CDD3666D2975095300694C65 /* LEVEL1-SwiftComponents.app */,
				CDD3667D2975095400694C65 /* LEVEL1-SwiftComponentsTests.xctest */,
				CDD366872975095400694C65 /* LEVEL1-SwiftComponentsUITests.xctest */,
			);
			name = Products;
			sourceTree = "<group>";
		};
		CDD3666F2975095300694C65 /* LEVEL1-SwiftComponents */ = {
			isa = PBXGroup;
			children = (
				CDD366702975095300694C65 /* LEVEL1_SwiftComponentsApp.swift */,
				CDD366722975095300694C65 /* ContentView.swift */,
				CDD366742975095400694C65 /* Assets.xcassets */,
				CDD366762975095400694C65 /* Preview Content */,
			);
			path = "LEVEL1-SwiftComponents";
			sourceTree = "<group>";
		};
		CDD366762975095400694C65 /* Preview Content */ = {
			isa = PBXGroup;
			children = (
				CDD366772975095400694C65 /* Preview Assets.xcassets */,
			);
			path = "Preview Content";
			sourceTree = "<group>";
		};
		CDD366802975095400694C65 /* LEVEL1-SwiftComponentsTests */ = {
			isa = PBXGroup;
			children = (
				CDD366812975095400694C65 /* LEVEL1_SwiftComponentsTests.swift */,
			);
			path = "LEVEL1-SwiftComponentsTests";
			sourceTree = "<group>";
		};
		CDD3668A2975095400694C65 /* LEVEL1-SwiftComponentsUITests */ = {
			isa = PBXGroup;
			children = (
				CDD3668B2975095400694C65 /* LEVEL1_SwiftComponentsUITests.swift */,
				CDD3668D2975095400694C65 /* LEVEL1_SwiftComponentsUITestsLaunchTests.swift */,
			);
			path = "LEVEL1-SwiftComponentsUITests";
			sourceTree = "<group>";
		};
/* End PBXGroup section */

/* Begin PBXNativeTarget section */
		CDD3666C2975095300694C65 /* LEVEL1-SwiftComponents */ = {
			isa = PBXNativeTarget;
			buildConfigurationList = CDD366912975095400694C65 /* Build configuration list for PBXNativeTarget "LEVEL1-SwiftComponents" */;
			buildPhases = (
				CDD366692975095300694C65 /* Sources */,
				CDD3666A2975095300694C65 /* Frameworks */,
				CDD3666B2975095300694C65 /* Resources */,
			);
			buildRules = (
			);
			dependencies = (
			);
			name = "LEVEL1-SwiftComponents";
			productName = "LEVEL1-SwiftComponents";
			productReference = CDD3666D2975095300694C65 /* LEVEL1-SwiftComponents.app */;
			productType = "com.apple.product-type.application";
		};
		CDD3667C2975095400694C65 /* LEVEL1-SwiftComponentsTests */ = {
			isa = PBXNativeTarget;
			buildConfigurationList = CDD366942975095400694C65 /* Build configuration list for PBXNativeTarget "LEVEL1-SwiftComponentsTests" */;
			buildPhases = (
				CDD366792975095400694C65 /* Sources */,
				CDD3667A2975095400694C65 /* Frameworks */,
				CDD3667B2975095400694C65 /* Resources */,
			);
			buildRules = (
			);
			dependencies = (
				CDD3667F2975095400694C65 /* PBXTargetDependency */,
			);
			name = "LEVEL1-SwiftComponentsTests";
			productName = "LEVEL1-SwiftComponentsTests";
			productReference = CDD3667D2975095400694C65 /* LEVEL1-SwiftComponentsTests.xctest */;
			productType = "com.apple.product-type.bundle.unit-test";
		};
		CDD366862975095400694C65 /* LEVEL1-SwiftComponentsUITests */ = {
			isa = PBXNativeTarget;
			buildConfigurationList = CDD366972975095400694C65 /* Build configuration list for PBXNativeTarget "LEVEL1-SwiftComponentsUITests" */;
			buildPhases = (
				CDD366832975095400694C65 /* Sources */,
				CDD366842975095400694C65 /* Frameworks */,
				CDD366852975095400694C65 /* Resources */,
			);
			buildRules = (
			);
			dependencies = (
				CDD366892975095400694C65 /* PBXTargetDependency */,
			);
			name = "LEVEL1-SwiftComponentsUITests";
			productName = "LEVEL1-SwiftComponentsUITests";
			productReference = CDD366872975095400694C65 /* LEVEL1-SwiftComponentsUITests.xctest */;
			productType = "com.apple.product-type.bundle.ui-testing";
		};
/* End PBXNativeTarget section */

/* Begin PBXProject section */
		CDD366652975095300694C65 /* Project object */ = {
			isa = PBXProject;
			attributes = {
				BuildIndependentTargetsInParallel = 1;
				LastSwiftUpdateCheck = 1420;
				LastUpgradeCheck = 1420;
				TargetAttributes = {
					CDD3666C2975095300694C65 = {
						CreatedOnToolsVersion = 14.2;
					};
					CDD3667C2975095400694C65 = {
						CreatedOnToolsVersion = 14.2;
						TestTargetID = CDD3666C2975095300694C65;
					};
					CDD366862975095400694C65 = {
						CreatedOnToolsVersion = 14.2;
						TestTargetID = CDD3666C2975095300694C65;
					};
				};
			};
			buildConfigurationList = CDD366682975095300694C65 /* Build configuration list for PBXProject "LEVEL1-SwiftComponents" */;
			compatibilityVersion = "Xcode 14.0";
			developmentRegion = en;
			hasScannedForEncodings = 0;
			knownRegions = (
				en,
				Base,
			);
			mainGroup = CDD366642975095300694C65;
			productRefGroup = CDD3666E2975095300694C65 /* Products */;
			projectDirPath = "";
			projectRoot = "";
			targets = (
				CDD3666C2975095300694C65 /* LEVEL1-SwiftComponents */,
				CDD3667C2975095400694C65 /* LEVEL1-SwiftComponentsTests */,
				CDD366862975095400694C65 /* LEVEL1-SwiftComponentsUITests */,
			);
		};
/* End PBXProject section */

/* Begin PBXResourcesBuildPhase section */
		CDD3666B2975095300694C65 /* Resources */ = {
			isa = PBXResourcesBuildPhase;
			buildActionMask = 2147483647;
			files = (
				CDD366782975095400694C65 /* Preview Assets.xcassets in Resources */,
				CDD366752975095400694C65 /* Assets.xcassets in Resources */,
			);
			runOnlyForDeploymentPostprocessing = 0;
		};
		CDD3667B2975095400694C65 /* Resources */ = {
			isa = PBXResourcesBuildPhase;
			buildActionMask = 2147483647;
			files = (
			);
			runOnlyForDeploymentPostprocessing = 0;
		};
		CDD366852975095400694C65 /* Resources */ = {
			isa = PBXResourcesBuildPhase;
			buildActionMask = 2147483647;
			files = (
			);
			runOnlyForDeploymentPostprocessing = 0;
		};
/* End PBXResourcesBuildPhase section */

/* Begin PBXSourcesBuildPhase section */
		CDD366692975095300694C65 /* Sources */ = {
			isa = PBXSourcesBuildPhase;
			buildActionMask = 2147483647;
			files = (
				CDD366732975095300694C65 /* ContentView.swift in Sources */,
				CDD366712975095300694C65 /* LEVEL1_SwiftComponentsApp.swift in Sources */,
			);
			runOnlyForDeploymentPostprocessing = 0;
		};
		CDD366792975095400694C65 /* Sources */ = {
			isa = PBXSourcesBuildPhase;
			buildActionMask = 2147483647;
			files = (
				CDD366822975095400694C65 /* LEVEL1_SwiftComponentsTests.swift in Sources */,
			);
			runOnlyForDeploymentPostprocessing = 0;
		};
		CDD366832975095400694C65 /* Sources */ = {
			isa = PBXSourcesBuildPhase;
			buildActionMask = 2147483647;
			files = (
				CDD3668C2975095400694C65 /* LEVEL1_SwiftComponentsUITests.swift in Sources */,
				CDD3668E2975095400694C65 /* LEVEL1_SwiftComponentsUITestsLaunchTests.swift in Sources */,
			);
			runOnlyForDeploymentPostprocessing = 0;
		};
/* End PBXSourcesBuildPhase section */

/* Begin PBXTargetDependency section */
		CDD3667F2975095400694C65 /* PBXTargetDependency */ = {
			isa = PBXTargetDependency;
			target = CDD3666C2975095300694C65 /* LEVEL1-SwiftComponents */;
			targetProxy = CDD3667E2975095400694C65 /* PBXContainerItemProxy */;
		};
		CDD366892975095400694C65 /* PBXTargetDependency */ = {
			isa = PBXTargetDependency;
			target = CDD3666C2975095300694C65 /* LEVEL1-SwiftComponents */;
			targetProxy = CDD366882975095400694C65 /* PBXContainerItemProxy */;
		};
/* End PBXTargetDependency section */

/* Begin XCBuildConfiguration section */
		CDD3668F2975095400694C65 /* Debug */ = {
			isa = XCBuildConfiguration;
			buildSettings = {
				ALWAYS_SEARCH_USER_PATHS = NO;
				CLANG_ANALYZER_NONNULL = YES;
				CLANG_ANALYZER_NUMBER_OBJECT_CONVERSION = YES_AGGRESSIVE;
				CLANG_CXX_LANGUAGE_STANDARD = "gnu++20";
				CLANG_ENABLE_MODULES = YES;
				CLANG_ENABLE_OBJC_ARC = YES;
				CLANG_ENABLE_OBJC_WEAK = YES;
				CLANG_WARN_BLOCK_CAPTURE_AUTORELEASING = YES;
				CLANG_WARN_BOOL_CONVERSION = YES;
				CLANG_WARN_COMMA = YES;
				CLANG_WARN_CONSTANT_CONVERSION = YES;
				CLANG_WARN_DEPRECATED_OBJC_IMPLEMENTATIONS = YES;
				CLANG_WARN_DIRECT_OBJC_ISA_USAGE = YES_ERROR;
				CLANG_WARN_DOCUMENTATION_COMMENTS = YES;
				CLANG_WARN_EMPTY_BODY = YES;
				CLANG_WARN_ENUM_CONVERSION = YES;
				CLANG_WARN_INFINITE_RECURSION = YES;
				CLANG_WARN_INT_CONVERSION = YES;
				CLANG_WARN_NON_LITERAL_NULL_CONVERSION = YES;
				CLANG_WARN_OBJC_IMPLICIT_RETAIN_SELF = YES;
				CLANG_WARN_OBJC_LITERAL_CONVERSION = YES;
				CLANG_WARN_OBJC_ROOT_CLASS = YES_ERROR;
				CLANG_WARN_QUOTED_INCLUDE_IN_FRAMEWORK_HEADER = YES;
				CLANG_WARN_RANGE_LOOP_ANALYSIS = YES;
				CLANG_WARN_STRICT_PROTOTYPES = YES;
				CLANG_WARN_SUSPICIOUS_MOVE = YES;
				CLANG_WARN_UNGUARDED_AVAILABILITY = YES_AGGRESSIVE;
				CLANG_WARN_UNREACHABLE_CODE = YES;
				CLANG_WARN__DUPLICATE_METHOD_MATCH = YES;
				COPY_PHASE_STRIP = NO;
				DEBUG_INFORMATION_FORMAT = dwarf;
				ENABLE_STRICT_OBJC_MSGSEND = YES;
				ENABLE_TESTABILITY = YES;
				GCC_C_LANGUAGE_STANDARD = gnu11;
				GCC_DYNAMIC_NO_PIC = NO;
				GCC_NO_COMMON_BLOCKS = YES;
				GCC_OPTIMIZATION_LEVEL = 0;
				GCC_PREPROCESSOR_DEFINITIONS = (
					"DEBUG=1",
					"$(inherited)",
				);
				GCC_WARN_64_TO_32_BIT_CONVERSION = YES;
				GCC_WARN_ABOUT_RETURN_TYPE = YES_ERROR;
				GCC_WARN_UNDECLARED_SELECTOR = YES;
				GCC_WARN_UNINITIALIZED_AUTOS = YES_AGGRESSIVE;
				GCC_WARN_UNUSED_FUNCTION = YES;
				GCC_WARN_UNUSED_VARIABLE = YES;
				IPHONEOS_DEPLOYMENT_TARGET = 16.2;
				MTL_ENABLE_DEBUG_INFO = INCLUDE_SOURCE;
				MTL_FAST_MATH = YES;
				ONLY_ACTIVE_ARCH = YES;
				SDKROOT = iphoneos;
				SWIFT_ACTIVE_COMPILATION_CONDITIONS = DEBUG;
				SWIFT_OPTIMIZATION_LEVEL = "-Onone";
			};
			name = Debug;
		};
		CDD366902975095400694C65 /* Release */ = {
			isa = XCBuildConfiguration;
			buildSettings = {
				ALWAYS_SEARCH_USER_PATHS = NO;
				CLANG_ANALYZER_NONNULL = YES;
				CLANG_ANALYZER_NUMBER_OBJECT_CONVERSION = YES_AGGRESSIVE;
				CLANG_CXX_LANGUAGE_STANDARD = "gnu++20";
				CLANG_ENABLE_MODULES = YES;
				CLANG_ENABLE_OBJC_ARC = YES;
				CLANG_ENABLE_OBJC_WEAK = YES;
				CLANG_WARN_BLOCK_CAPTURE_AUTORELEASING = YES;
				CLANG_WARN_BOOL_CONVERSION = YES;
				CLANG_WARN_COMMA = YES;
				CLANG_WARN_CONSTANT_CONVERSION = YES;
				CLANG_WARN_DEPRECATED_OBJC_IMPLEMENTATIONS = YES;
				CLANG_WARN_DIRECT_OBJC_ISA_USAGE = YES_ERROR;
				CLANG_WARN_DOCUMENTATION_COMMENTS = YES;
				CLANG_WARN_EMPTY_BODY = YES;
				CLANG_WARN_ENUM_CONVERSION = YES;
				CLANG_WARN_INFINITE_RECURSION = YES;
				CLANG_WARN_INT_CONVERSION = YES;
				CLANG_WARN_NON_LITERAL_NULL_CONVERSION = YES;
				CLANG_WARN_OBJC_IMPLICIT_RETAIN_SELF = YES;
				CLANG_WARN_OBJC_LITERAL_CONVERSION = YES;
				CLANG_WARN_OBJC_ROOT_CLASS = YES_ERROR;
				CLANG_WARN_QUOTED_INCLUDE_IN_FRAMEWORK_HEADER = YES;
				CLANG_WARN_RANGE_LOOP_ANALYSIS = YES;
				CLANG_WARN_STRICT_PROTOTYPES = YES;
				CLANG_WARN_SUSPICIOUS_MOVE = YES;
				CLANG_WARN_UNGUARDED_AVAILABILITY = YES_AGGRESSIVE;
				CLANG_WARN_UNREACHABLE_CODE = YES;
				CLANG_WARN__DUPLICATE_METHOD_MATCH = YES;
				COPY_PHASE_STRIP = NO;
				DEBUG_INFORMATION_FORMAT = "dwarf-with-dsym";
				ENABLE_NS_ASSERTIONS = NO;
				ENABLE_STRICT_OBJC_MSGSEND = YES;
				GCC_C_LANGUAGE_STANDARD = gnu11;
				GCC_NO_COMMON_BLOCKS = YES;
				GCC_WARN_64_TO_32_BIT_CONVERSION = YES;
				GCC_WARN_ABOUT_RETURN_TYPE = YES_ERROR;
				GCC_WARN_UNDECLARED_SELECTOR = YES;
				GCC_WARN_UNINITIALIZED_AUTOS = YES_AGGRESSIVE;
				GCC_WARN_UNUSED_FUNCTION = YES;
				GCC_WARN_UNUSED_VARIABLE = YES;
				IPHONEOS_DEPLOYMENT_TARGET = 16.2;
				MTL_ENABLE_DEBUG_INFO = NO;
				MTL_FAST_MATH = YES;
				SDKROOT = iphoneos;
				SWIFT_COMPILATION_MODE = wholemodule;
				SWIFT_OPTIMIZATION_LEVEL = "-O";
				VALIDATE_PRODUCT = YES;
			};
			name = Release;
		};
		CDD366922975095400694C65 /* Debug */ = {
			isa = XCBuildConfiguration;
			buildSettings = {
				ASSETCATALOG_COMPILER_APPICON_NAME = AppIcon;
				ASSETCATALOG_COMPILER_GLOBAL_ACCENT_COLOR_NAME = AccentColor;
				CODE_SIGN_STYLE = Automatic;
				CURRENT_PROJECT_VERSION = 1;
				DEVELOPMENT_ASSET_PATHS = "\"LEVEL1-SwiftComponents/Preview Content\"";
				ENABLE_PREVIEWS = YES;
				GENERATE_INFOPLIST_FILE = YES;
				INFOPLIST_KEY_UIApplicationSceneManifest_Generation = YES;
				INFOPLIST_KEY_UIApplicationSupportsIndirectInputEvents = YES;
				INFOPLIST_KEY_UILaunchScreen_Generation = YES;
				INFOPLIST_KEY_UISupportedInterfaceOrientations_iPad = "UIInterfaceOrientationPortrait UIInterfaceOrientationPortraitUpsideDown UIInterfaceOrientationLandscapeLeft UIInterfaceOrientationLandscapeRight";
				INFOPLIST_KEY_UISupportedInterfaceOrientations_iPhone = "UIInterfaceOrientationPortrait UIInterfaceOrientationLandscapeLeft UIInterfaceOrientationLandscapeRight";
				LD_RUNPATH_SEARCH_PATHS = (
					"$(inherited)",
					"@executable_path/Frameworks",
				);
				MARKETING_VERSION = 1.0;
				PRODUCT_BUNDLE_IDENTIFIER = "woowon-level1.LEVEL1-SwiftComponents";
				PRODUCT_NAME = "$(TARGET_NAME)";
				SWIFT_EMIT_LOC_STRINGS = YES;
				SWIFT_VERSION = 5.0;
				TARGETED_DEVICE_FAMILY = "1,2";
			};
			name = Debug;
		};
		CDD366932975095400694C65 /* Release */ = {
			isa = XCBuildConfiguration;
			buildSettings = {
				ASSETCATALOG_COMPILER_APPICON_NAME = AppIcon;
				ASSETCATALOG_COMPILER_GLOBAL_ACCENT_COLOR_NAME = AccentColor;
				CODE_SIGN_STYLE = Automatic;
				CURRENT_PROJECT_VERSION = 1;
				DEVELOPMENT_ASSET_PATHS = "\"LEVEL1-SwiftComponents/Preview Content\"";
				ENABLE_PREVIEWS = YES;
				GENERATE_INFOPLIST_FILE = YES;
				INFOPLIST_KEY_UIApplicationSceneManifest_Generation = YES;
				INFOPLIST_KEY_UIApplicationSupportsIndirectInputEvents = YES;
				INFOPLIST_KEY_UILaunchScreen_Generation = YES;
				INFOPLIST_KEY_UISupportedInterfaceOrientations_iPad = "UIInterfaceOrientationPortrait UIInterfaceOrientationPortraitUpsideDown UIInterfaceOrientationLandscapeLeft UIInterfaceOrientationLandscapeRight";
				INFOPLIST_KEY_UISupportedInterfaceOrientations_iPhone = "UIInterfaceOrientationPortrait UIInterfaceOrientationLandscapeLeft UIInterfaceOrientationLandscapeRight";
				LD_RUNPATH_SEARCH_PATHS = (
					"$(inherited)",
					"@executable_path/Frameworks",
				);
				MARKETING_VERSION = 1.0;
				PRODUCT_BUNDLE_IDENTIFIER = "woowon-level1.LEVEL1-SwiftComponents";
				PRODUCT_NAME = "$(TARGET_NAME)";
				SWIFT_EMIT_LOC_STRINGS = YES;
				SWIFT_VERSION = 5.0;
				TARGETED_DEVICE_FAMILY = "1,2";
			};
			name = Release;
		};
		CDD366952975095400694C65 /* Debug */ = {
			isa = XCBuildConfiguration;
			buildSettings = {
				ALWAYS_EMBED_SWIFT_STANDARD_LIBRARIES = YES;
				BUNDLE_LOADER = "$(TEST_HOST)";
				CODE_SIGN_STYLE = Automatic;
				CURRENT_PROJECT_VERSION = 1;
				GENERATE_INFOPLIST_FILE = YES;
				IPHONEOS_DEPLOYMENT_TARGET = 16.2;
				MARKETING_VERSION = 1.0;
				PRODUCT_BUNDLE_IDENTIFIER = "woowon-level1.LEVEL1-SwiftComponentsTests";
				PRODUCT_NAME = "$(TARGET_NAME)";
				SWIFT_EMIT_LOC_STRINGS = NO;
				SWIFT_VERSION = 5.0;
				TARGETED_DEVICE_FAMILY = "1,2";
				TEST_HOST = "$(BUILT_PRODUCTS_DIR)/LEVEL1-SwiftComponents.app/$(BUNDLE_EXECUTABLE_FOLDER_PATH)/LEVEL1-SwiftComponents";
			};
			name = Debug;
		};
		CDD366962975095400694C65 /* Release */ = {
			isa = XCBuildConfiguration;
			buildSettings = {
				ALWAYS_EMBED_SWIFT_STANDARD_LIBRARIES = YES;
				BUNDLE_LOADER = "$(TEST_HOST)";
				CODE_SIGN_STYLE = Automatic;
				CURRENT_PROJECT_VERSION = 1;
				GENERATE_INFOPLIST_FILE = YES;
				IPHONEOS_DEPLOYMENT_TARGET = 16.2;
				MARKETING_VERSION = 1.0;
				PRODUCT_BUNDLE_IDENTIFIER = "woowon-level1.LEVEL1-SwiftComponentsTests";
				PRODUCT_NAME = "$(TARGET_NAME)";
				SWIFT_EMIT_LOC_STRINGS = NO;
				SWIFT_VERSION = 5.0;
				TARGETED_DEVICE_FAMILY = "1,2";
				TEST_HOST = "$(BUILT_PRODUCTS_DIR)/LEVEL1-SwiftComponents.app/$(BUNDLE_EXECUTABLE_FOLDER_PATH)/LEVEL1-SwiftComponents";
			};
			name = Release;
		};
		CDD366982975095400694C65 /* Debug */ = {
			isa = XCBuildConfiguration;
			buildSettings = {
				ALWAYS_EMBED_SWIFT_STANDARD_LIBRARIES = YES;
				CODE_SIGN_STYLE = Automatic;
				CURRENT_PROJECT_VERSION = 1;
				GENERATE_INFOPLIST_FILE = YES;
				MARKETING_VERSION = 1.0;
				PRODUCT_BUNDLE_IDENTIFIER = "woowon-level1.LEVEL1-SwiftComponentsUITests";
				PRODUCT_NAME = "$(TARGET_NAME)";
				SWIFT_EMIT_LOC_STRINGS = NO;
				SWIFT_VERSION = 5.0;
				TARGETED_DEVICE_FAMILY = "1,2";
				TEST_TARGET_NAME = "LEVEL1-SwiftComponents";
			};
			name = Debug;
		};
		CDD366992975095400694C65 /* Release */ = {
			isa = XCBuildConfiguration;
			buildSettings = {
				ALWAYS_EMBED_SWIFT_STANDARD_LIBRARIES = YES;
				CODE_SIGN_STYLE = Automatic;
				CURRENT_PROJECT_VERSION = 1;
				GENERATE_INFOPLIST_FILE = YES;
				MARKETING_VERSION = 1.0;
				PRODUCT_BUNDLE_IDENTIFIER = "woowon-level1.LEVEL1-SwiftComponentsUITests";
				PRODUCT_NAME = "$(TARGET_NAME)";
				SWIFT_EMIT_LOC_STRINGS = NO;
				SWIFT_VERSION = 5.0;
				TARGETED_DEVICE_FAMILY = "1,2";
				TEST_TARGET_NAME = "LEVEL1-SwiftComponents";
			};
			name = Release;
		};
/* End XCBuildConfiguration section */

/* Begin XCConfigurationList section */
		CDD366682975095300694C65 /* Build configuration list for PBXProject "LEVEL1-SwiftComponents" */ = {
			isa = XCConfigurationList;
			buildConfigurations = (
				CDD3668F2975095400694C65 /* Debug */,
				CDD366902975095400694C65 /* Release */,
			);
			defaultConfigurationIsVisible = 0;
			defaultConfigurationName = Release;
		};
		CDD366912975095400694C65 /* Build configuration list for PBXNativeTarget "LEVEL1-SwiftComponents" */ = {
			isa = XCConfigurationList;
			buildConfigurations = (
				CDD366922975095400694C65 /* Debug */,
				CDD366932975095400694C65 /* Release */,
			);
			defaultConfigurationIsVisible = 0;
			defaultConfigurationName = Release;
		};
		CDD366942975095400694C65 /* Build configuration list for PBXNativeTarget "LEVEL1-SwiftComponentsTests" */ = {
			isa = XCConfigurationList;
			buildConfigurations = (
				CDD366952975095400694C65 /* Debug */,
				CDD366962975095400694C65 /* Release */,
			);
			defaultConfigurationIsVisible = 0;
			defaultConfigurationName = Release;
		};
		CDD366972975095400694C65 /* Build configuration list for PBXNativeTarget "LEVEL1-SwiftComponentsUITests" */ = {
			isa = XCConfigurationList;
			buildConfigurations = (
				CDD366982975095400694C65 /* Debug */,
				CDD366992975095400694C65 /* Release */,
			);
			defaultConfigurationIsVisible = 0;
			defaultConfigurationName = Release;
		};
/* End XCConfigurationList section */
	};
	rootObject = CDD366652975095300694C65 /* Project object */;
}
